
Microsoft Visual Studio Solution File, Format Version 12.00
# Visual Studio 15
Project("{FAE04EC0-301F-11D3-BF4B-00C04F79EFBC}") = "Assembly-CSharp-Editor", "Assembly-CSharp-Editor.csproj", "{49906713-31DA-FE79-62E0-93DB2A80CBA7}"
EndProject
Project("{FAE04EC0-301F-11D3-BF4B-00C04F79EFBC}") = "Assembly-CSharp", "Assembly-CSharp.csproj", "{960F4E07-EF95-0256-DD72-FDE3B0F9A1C9}"
EndProject
Global
	GlobalSection(SolutionConfigurationPlatforms) = preSolution
		Debug|Any CPU = Debug|Any CPU
		Release|Any CPU = Release|Any CPU
	EndGlobalSection
	GlobalSection(ProjectConfigurationPlatforms) = postSolution
		{49906713-31DA-FE79-62E0-93DB2A80CBA7}.Debug|Any CPU.ActiveCfg = Debug|Any CPU
		{49906713-31DA-FE79-62E0-93DB2A80CBA7}.Debug|Any CPU.Build.0 = Debug|Any CPU
		{49906713-31DA-FE79-62E0-93DB2A80CBA7}.Release|Any CPU.ActiveCfg = Release|Any CPU
		{49906713-31DA-FE79-62E0-93DB2A80CBA7}.Release|Any CPU.Build.0 = Release|Any CPU
		{960F4E07-EF95-0256-DD72-FDE3B0F9A1C9}.Debug|Any CPU.ActiveCfg = Debug|Any CPU
		{960F4E07-EF95-0256-DD72-FDE3B0F9A1C9}.Debug|Any CPU.Build.0 = Debug|Any CPU
		{960F4E07-EF95-0256-DD72-FDE3B0F9A1C9}.Release|Any CPU.ActiveCfg = Release|Any CPU
		{960F4E07-EF95-0256-DD72-FDE3B0F9A1C9}.Release|Any CPU.Build.0 = Release|Any CPU
	EndGlobalSection
	GlobalSection(SolutionProperties) = preSolution
		HideSolutionNode = FALSE
	EndGlobalSection
EndGlobal
